// !$*UTF8*$!
{
	archiveVersion = 1;
	classes = {
	};
	objectVersion = 55;
	objects = {

/* Begin PBXBuildFile section */
		C22220E427B95822005A496A /* AppDelegate.swift in Sources */ = {isa = PBXBuildFile; fileRef = C22220E327B95822005A496A /* AppDelegate.swift */; };
		C22220E827B95822005A496A /* ViewController.swift in Sources */ = {isa = PBXBuildFile; fileRef = C22220E727B95822005A496A /* ViewController.swift */; };
		C22220EB27B95822005A496A /* Main.storyboard in Resources */ = {isa = PBXBuildFile; fileRef = C22220E927B95822005A496A /* Main.storyboard */; };
		C22220ED27B95823005A496A /* Assets.xcassets in Resources */ = {isa = PBXBuildFile; fileRef = C22220EC27B95823005A496A /* Assets.xcassets */; };
		C22220F027B95823005A496A /* LaunchScreen.storyboard in Resources */ = {isa = PBXBuildFile; fileRef = C22220EE27B95823005A496A /* LaunchScreen.storyboard */; };
		C2B2F3FB27CE55710025BBCB /* Login.storyboard in Resources */ = {isa = PBXBuildFile; fileRef = C2B2F3FA27CE55710025BBCB /* Login.storyboard */; };
		C2B2F3FD27CE55810025BBCB /* Home.storyboard in Resources */ = {isa = PBXBuildFile; fileRef = C2B2F3FC27CE55810025BBCB /* Home.storyboard */; };
		C2B2F3FF27CE55940025BBCB /* LoginViewController.swift in Sources */ = {isa = PBXBuildFile; fileRef = C2B2F3FE27CE55940025BBCB /* LoginViewController.swift */; };
		C2B2F40127CE559D0025BBCB /* HomeViewController.swift in Sources */ = {isa = PBXBuildFile; fileRef = C2B2F40027CE559D0025BBCB /* HomeViewController.swift */; };
		C2B2F40327CE55E30025BBCB /* LoginModel.swift in Sources */ = {isa = PBXBuildFile; fileRef = C2B2F40227CE55E30025BBCB /* LoginModel.swift */; };
/* End PBXBuildFile section */

/* Begin PBXFileReference section */
		C22220E027B95822005A496A /* stayHungry.app */ = {isa = PBXFileReference; explicitFileType = wrapper.application; includeInIndex = 0; path = stayHungry.app; sourceTree = BUILT_PRODUCTS_DIR; };
		C22220E327B95822005A496A /* AppDelegate.swift */ = {isa = PBXFileReference; lastKnownFileType = sourcecode.swift; path = AppDelegate.swift; sourceTree = "<group>"; };
		C22220E727B95822005A496A /* ViewController.swift */ = {isa = PBXFileReference; lastKnownFileType = sourcecode.swift; path = ViewController.swift; sourceTree = "<group>"; };
		C22220EA27B95822005A496A /* Base */ = {isa = PBXFileReference; lastKnownFileType = file.storyboard; name = Base; path = Base.lproj/Main.storyboard; sourceTree = "<group>"; };
		C22220EC27B95823005A496A /* Assets.xcassets */ = {isa = PBXFileReference; lastKnownFileType = folder.assetcatalog; path = Assets.xcassets; sourceTree = "<group>"; };
		C22220EF27B95823005A496A /* Base */ = {isa = PBXFileReference; lastKnownFileType = file.storyboard; name = Base; path = Base.lproj/LaunchScreen.storyboard; sourceTree = "<group>"; };
		C22220F127B95823005A496A /* Info.plist */ = {isa = PBXFileReference; lastKnownFileType = text.plist.xml; path = Info.plist; sourceTree = "<group>"; };
		C2B2F3FA27CE55710025BBCB /* Login.storyboard */ = {isa = PBXFileReference; lastKnownFileType = file.storyboard; path = Login.storyboard; sourceTree = "<group>"; };
		C2B2F3FC27CE55810025BBCB /* Home.storyboard */ = {isa = PBXFileReference; lastKnownFileType = file.storyboard; path = Home.storyboard; sourceTree = "<group>"; };
		C2B2F3FE27CE55940025BBCB /* LoginViewController.swift */ = {isa = PBXFileReference; lastKnownFileType = sourcecode.swift; path = LoginViewController.swift; sourceTree = "<group>"; };
		C2B2F40027CE559D0025BBCB /* HomeViewController.swift */ = {isa = PBXFileReference; lastKnownFileType = sourcecode.swift; path = HomeViewController.swift; sourceTree = "<group>"; };
		C2B2F40227CE55E30025BBCB /* LoginModel.swift */ = {isa = PBXFileReference; lastKnownFileType = sourcecode.swift; path = LoginModel.swift; sourceTree = "<group>"; };
/* End PBXFileReference section */

/* Begin PBXFrameworksBuildPhase section */
		C22220DD27B95822005A496A /* Frameworks */ = {
			isa = PBXFrameworksBuildPhase;
			buildActionMask = 2147483647;
			files = (
			);
			runOnlyForDeploymentPostprocessing = 0;
		};
/* End PBXFrameworksBuildPhase section */

/* Begin PBXGroup section */
		C22220D727B95822005A496A = {
			isa = PBXGroup;
			children = (
				C22220E227B95822005A496A /* stayHungry */,
				C22220E127B95822005A496A /* Products */,
			);
			sourceTree = "<group>";
		};
		C22220E127B95822005A496A /* Products */ = {
			isa = PBXGroup;
			children = (
				C22220E027B95822005A496A /* stayHungry.app */,
			);
			name = Products;
			sourceTree = "<group>";
		};
		C22220E227B95822005A496A /* stayHungry */ = {
			isa = PBXGroup;
			children = (
				C2B2F3F927CE52B00025BBCB /* model */,
				C2B2F3F827CE4F970025BBCB /* controller */,
				C2B2F3F627CE4F850025BBCB /* view */,
				C22220E327B95822005A496A /* AppDelegate.swift */,
				C22220E727B95822005A496A /* ViewController.swift */,
				C22220E927B95822005A496A /* Main.storyboard */,
				C22220EC27B95823005A496A /* Assets.xcassets */,
				C22220EE27B95823005A496A /* LaunchScreen.storyboard */,
				C22220F127B95823005A496A /* Info.plist */,
			);
			path = stayHungry;
			sourceTree = "<group>";
		};
		C2B2F3F627CE4F850025BBCB /* view */ = {
			isa = PBXGroup;
			children = (
				C2B2F3FA27CE55710025BBCB /* Login.storyboard */,
				C2B2F3FC27CE55810025BBCB /* Home.storyboard */,
			);
			path = view;
			sourceTree = "<group>";
		};
		C2B2F3F827CE4F970025BBCB /* controller */ = {
			isa = PBXGroup;
			children = (
				C2B2F3FE27CE55940025BBCB /* LoginViewController.swift */,
				C2B2F40027CE559D0025BBCB /* HomeViewController.swift */,
			);
			path = controller;
			sourceTree = "<group>";
		};
		C2B2F3F927CE52B00025BBCB /* model */ = {
			isa = PBXGroup;
			children = (
				C2B2F40227CE55E30025BBCB /* LoginModel.swift */,
			);
			path = model;
			sourceTree = "<group>";
		};
/* End PBXGroup section */

/* Begin PBXNativeTarget section */
		C22220DF27B95822005A496A /* stayHungry */ = {
			isa = PBXNativeTarget;
			buildConfigurationList = C22220F427B95823005A496A /* Build configuration list for PBXNativeTarget "stayHungry" */;
			buildPhases = (
				C22220DC27B95822005A496A /* Sources */,
				C22220DD27B95822005A496A /* Frameworks */,
				C22220DE27B95822005A496A /* Resources */,
			);
			buildRules = (
			);
			dependencies = (
			);
			name = stayHungry;
			productName = stayHungry;
			productReference = C22220E027B95822005A496A /* stayHungry.app */;
			productType = "com.apple.product-type.application";
		};
/* End PBXNativeTarget section */

/* Begin PBXProject section */
		C22220D827B95822005A496A /* Project object */ = {
			isa = PBXProject;
			attributes = {
				BuildIndependentTargetsInParallel = 1;
				LastSwiftUpdateCheck = 1320;
				LastUpgradeCheck = 1320;
				TargetAttributes = {
					C22220DF27B95822005A496A = {
						CreatedOnToolsVersion = 13.2.1;
					};
				};
			};
			buildConfigurationList = C22220DB27B95822005A496A /* Build configuration list for PBXProject "stayHungry" */;
			compatibilityVersion = "Xcode 13.0";
			developmentRegion = en;
			hasScannedForEncodings = 0;
			knownRegions = (
				en,
				Base,
			);
			mainGroup = C22220D727B95822005A496A;
			productRefGroup = C22220E127B95822005A496A /* Products */;
			projectDirPath = "";
			projectRoot = "";
			targets = (
				C22220DF27B95822005A496A /* stayHungry */,
			);
		};
/* End PBXProject section */

/* Begin PBXResourcesBuildPhase section */
		C22220DE27B95822005A496A /* Resources */ = {
			isa = PBXResourcesBuildPhase;
			buildActionMask = 2147483647;
			files = (
				C2B2F3FB27CE55710025BBCB /* Login.storyboard in Resources */,
				C2B2F3FD27CE55810025BBCB /* Home.storyboard in Resources */,
				C22220F027B95823005A496A /* LaunchScreen.storyboard in Resources */,
				C22220ED27B95823005A496A /* Assets.xcassets in Resources */,
				C22220EB27B95822005A496A /* Main.storyboard in Resources */,
			);
			runOnlyForDeploymentPostprocessing = 0;
		};
/* End PBXResourcesBuildPhase section */

/* Begin PBXSourcesBuildPhase section */
		C22220DC27B95822005A496A /* Sources */ = {
			isa = PBXSourcesBuildPhase;
			buildActionMask = 2147483647;
			files = (
				C2B2F40327CE55E30025BBCB /* LoginModel.swift in Sources */,
				C2B2F3FF27CE55940025BBCB /* LoginViewController.swift in Sources */,
				C22220E827B95822005A496A /* ViewController.swift in Sources */,
				C22220E427B95822005A496A /* AppDelegate.swift in Sources */,
				C2B2F40127CE559D0025BBCB /* HomeViewController.swift in Sources */,
			);
			runOnlyForDeploymentPostprocessing = 0;
		};
/* End PBXSourcesBuildPhase section */

/* Begin PBXVariantGroup section */
		C22220E927B95822005A496A /* Main.storyboard */ = {
			isa = PBXVariantGroup;
			children = (
				C22220EA27B95822005A496A /* Base */,
			);
			name = Main.storyboard;
			sourceTree = "<group>";
		};
		C22220EE27B95823005A496A /* LaunchScreen.storyboard */ = {
			isa = PBXVariantGroup;
			children = (
				C22220EF27B95823005A496A /* Base */,
			);
			name = LaunchScreen.storyboard;
			sourceTree = "<group>";
		};
/* End PBXVariantGroup section */

/* Begin XCBuildConfiguration section */
		C22220F227B95823005A496A /* Debug */ = {
			isa = XCBuildConfiguration;
			buildSettings = {
				ALWAYS_SEARCH_USER_PATHS = NO;
				CLANG_ANALYZER_NONNULL = YES;
				CLANG_ANALYZER_NUMBER_OBJECT_CONVERSION = YES_AGGRESSIVE;
				CLANG_CXX_LANGUAGE_STANDARD = "gnu++17";
				CLANG_CXX_LIBRARY = "libc++";
				CLANG_ENABLE_MODULES = YES;
				CLANG_ENABLE_OBJC_ARC = YES;
				CLANG_ENABLE_OBJC_WEAK = YES;
				CLANG_WARN_BLOCK_CAPTURE_AUTORELEASING = YES;
				CLANG_WARN_BOOL_CONVERSION = YES;
				CLANG_WARN_COMMA = YES;
				CLANG_WARN_CONSTANT_CONVERSION = YES;
				CLANG_WARN_DEPRECATED_OBJC_IMPLEMENTATIONS = YES;
				CLANG_WARN_DIRECT_OBJC_ISA_USAGE = YES_ERROR;
				CLANG_WARN_DOCUMENTATION_COMMENTS = YES;
				CLANG_WARN_EMPTY_BODY = YES;
				CLANG_WARN_ENUM_CONVERSION = YES;
				CLANG_WARN_INFINITE_RECURSION = YES;
				CLANG_WARN_INT_CONVERSION = YES;
				CLANG_WARN_NON_LITERAL_NULL_CONVERSION = YES;
				CLANG_WARN_OBJC_IMPLICIT_RETAIN_SELF = YES;
				CLANG_WARN_OBJC_LITERAL_CONVERSION = YES;
				CLANG_WARN_OBJC_ROOT_CLASS = YES_ERROR;
				CLANG_WARN_QUOTED_INCLUDE_IN_FRAMEWORK_HEADER = YES;
				CLANG_WARN_RANGE_LOOP_ANALYSIS = YES;
				CLANG_WARN_STRICT_PROTOTYPES = YES;
				CLANG_WARN_SUSPICIOUS_MOVE = YES;
				CLANG_WARN_UNGUARDED_AVAILABILITY = YES_AGGRESSIVE;
				CLANG_WARN_UNREACHABLE_CODE = YES;
				CLANG_WARN__DUPLICATE_METHOD_MATCH = YES;
				COPY_PHASE_STRIP = NO;
				DEBUG_INFORMATION_FORMAT = dwarf;
				ENABLE_STRICT_OBJC_MSGSEND = YES;
				ENABLE_TESTABILITY = YES;
				GCC_C_LANGUAGE_STANDARD = gnu11;
				GCC_DYNAMIC_NO_PIC = NO;
				GCC_NO_COMMON_BLOCKS = YES;
				GCC_OPTIMIZATION_LEVEL = 0;
				GCC_PREPROCESSOR_DEFINITIONS = (
					"DEBUG=1",
					"$(inherited)",
				);
				GCC_WARN_64_TO_32_BIT_CONVERSION = YES;
				GCC_WARN_ABOUT_RETURN_TYPE = YES_ERROR;
				GCC_WARN_UNDECLARED_SELECTOR = YES;
				GCC_WARN_UNINITIALIZED_AUTOS = YES_AGGRESSIVE;
				GCC_WARN_UNUSED_FUNCTION = YES;
				GCC_WARN_UNUSED_VARIABLE = YES;
				IPHONEOS_DEPLOYMENT_TARGET = 15.2;
				MTL_ENABLE_DEBUG_INFO = INCLUDE_SOURCE;
				MTL_FAST_MATH = YES;
				ONLY_ACTIVE_ARCH = YES;
				SDKROOT = iphoneos;
				SWIFT_ACTIVE_COMPILATION_CONDITIONS = DEBUG;
				SWIFT_OPTIMIZATION_LEVEL = "-Onone";
			};
			name = Debug;
		};
		C22220F327B95823005A496A /* Release */ = {
			isa = XCBuildConfiguration;
			buildSettings = {
				ALWAYS_SEARCH_USER_PATHS = NO;
				CLANG_ANALYZER_NONNULL = YES;
				CLANG_ANALYZER_NUMBER_OBJECT_CONVERSION = YES_AGGRESSIVE;
				CLANG_CXX_LANGUAGE_STANDARD = "gnu++17";
				CLANG_CXX_LIBRARY = "libc++";
				CLANG_ENABLE_MODULES = YES;
				CLANG_ENABLE_OBJC_ARC = YES;
				CLANG_ENABLE_OBJC_WEAK = YES;
				CLANG_WARN_BLOCK_CAPTURE_AUTORELEASING = YES;
				CLANG_WARN_BOOL_CONVERSION = YES;
				CLANG_WARN_COMMA = YES;
				CLANG_WARN_CONSTANT_CONVERSION = YES;
				CLANG_WARN_DEPRECATED_OBJC_IMPLEMENTATIONS = YES;
				CLANG_WARN_DIRECT_OBJC_ISA_USAGE = YES_ERROR;
				CLANG_WARN_DOCUMENTATION_COMMENTS = YES;
				CLANG_WARN_EMPTY_BODY = YES;
				CLANG_WARN_ENUM_CONVERSION = YES;
				CLANG_WARN_INFINITE_RECURSION = YES;
				CLANG_WARN_INT_CONVERSION = YES;
				CLANG_WARN_NON_LITERAL_NULL_CONVERSION = YES;
				CLANG_WARN_OBJC_IMPLICIT_RETAIN_SELF = YES;
				CLANG_WARN_OBJC_LITERAL_CONVERSION = YES;
				CLANG_WARN_OBJC_ROOT_CLASS = YES_ERROR;
				CLANG_WARN_QUOTED_INCLUDE_IN_FRAMEWORK_HEADER = YES;
				CLANG_WARN_RANGE_LOOP_ANALYSIS = YES;
				CLANG_WARN_STRICT_PROTOTYPES = YES;
				CLANG_WARN_SUSPICIOUS_MOVE = YES;
				CLANG_WARN_UNGUARDED_AVAILABILITY = YES_AGGRESSIVE;
				CLANG_WARN_UNREACHABLE_CODE = YES;
				CLANG_WARN__DUPLICATE_METHOD_MATCH = YES;
				COPY_PHASE_STRIP = NO;
				DEBUG_INFORMATION_FORMAT = "dwarf-with-dsym";
				ENABLE_NS_ASSERTIONS = NO;
				ENABLE_STRICT_OBJC_MSGSEND = YES;
				GCC_C_LANGUAGE_STANDARD = gnu11;
				GCC_NO_COMMON_BLOCKS = YES;
				GCC_WARN_64_TO_32_BIT_CONVERSION = YES;
				GCC_WARN_ABOUT_RETURN_TYPE = YES_ERROR;
				GCC_WARN_UNDECLARED_SELECTOR = YES;
				GCC_WARN_UNINITIALIZED_AUTOS = YES_AGGRESSIVE;
				GCC_WARN_UNUSED_FUNCTION = YES;
				GCC_WARN_UNUSED_VARIABLE = YES;
				IPHONEOS_DEPLOYMENT_TARGET = 15.2;
				MTL_ENABLE_DEBUG_INFO = NO;
				MTL_FAST_MATH = YES;
				SDKROOT = iphoneos;
				SWIFT_COMPILATION_MODE = wholemodule;
				SWIFT_OPTIMIZATION_LEVEL = "-O";
				VALIDATE_PRODUCT = YES;
			};
			name = Release;
		};
		C22220F527B95823005A496A /* Debug */ = {
			isa = XCBuildConfiguration;
			buildSettings = {
				ASSETCATALOG_COMPILER_APPICON_NAME = AppIcon;
				ASSETCATALOG_COMPILER_GLOBAL_ACCENT_COLOR_NAME = AccentColor;
				CODE_SIGN_STYLE = Automatic;
				CURRENT_PROJECT_VERSION = 1;
				DEVELOPMENT_TEAM = M24Q95QDJY;
				GENERATE_INFOPLIST_FILE = YES;
				INFOPLIST_FILE = stayHungry/Info.plist;
				INFOPLIST_KEY_UIApplicationSupportsIndirectInputEvents = YES;
				INFOPLIST_KEY_UILaunchStoryboardName = LaunchScreen;
				INFOPLIST_KEY_UIMainStoryboardFile = Main;
				INFOPLIST_KEY_UISupportedInterfaceOrientations_iPad = "UIInterfaceOrientationPortrait UIInterfaceOrientationPortraitUpsideDown UIInterfaceOrientationLandscapeLeft UIInterfaceOrientationLandscapeRight";
				INFOPLIST_KEY_UISupportedInterfaceOrientations_iPhone = "UIInterfaceOrientationPortrait UIInterfaceOrientationLandscapeLeft UIInterfaceOrientationLandscapeRight";
				LD_RUNPATH_SEARCH_PATHS = (
					"$(inherited)",
					"@executable_path/Frameworks",
				);
				MARKETING_VERSION = 1.0;
				PRODUCT_BUNDLE_IDENTIFIER = jiaxuwan.stayHungry;
				PRODUCT_NAME = "$(TARGET_NAME)";
				SWIFT_EMIT_LOC_STRINGS = YES;
				SWIFT_VERSION = 5.0;
				TARGETED_DEVICE_FAMILY = "1,2";
			};
			name = Debug;
		};
		C22220F627B95823005A496A /* Release */ = {
			isa = XCBuildConfiguration;
			buildSettings = {
				ASSETCATALOG_COMPILER_APPICON_NAME = AppIcon;
				ASSETCATALOG_COMPILER_GLOBAL_ACCENT_COLOR_NAME = AccentColor;
				CODE_SIGN_STYLE = Automatic;
				CURRENT_PROJECT_VERSION = 1;
				DEVELOPMENT_TEAM = M24Q95QDJY;
				GENERATE_INFOPLIST_FILE = YES;
				INFOPLIST_FILE = stayHungry/Info.plist;
				INFOPLIST_KEY_UIApplicationSupportsIndirectInputEvents = YES;
				INFOPLIST_KEY_UILaunchStoryboardName = LaunchScreen;
				INFOPLIST_KEY_UIMainStoryboardFile = Main;
				INFOPLIST_KEY_UISupportedInterfaceOrientations_iPad = "UIInterfaceOrientationPortrait UIInterfaceOrientationPortraitUpsideDown UIInterfaceOrientationLandscapeLeft UIInterfaceOrientationLandscapeRight";
				INFOPLIST_KEY_UISupportedInterfaceOrientations_iPhone = "UIInterfaceOrientationPortrait UIInterfaceOrientationLandscapeLeft UIInterfaceOrientationLandscapeRight";
				LD_RUNPATH_SEARCH_PATHS = (
					"$(inherited)",
					"@executable_path/Frameworks",
				);
				MARKETING_VERSION = 1.0;
				PRODUCT_BUNDLE_IDENTIFIER = jiaxuwan.stayHungry;
				PRODUCT_NAME = "$(TARGET_NAME)";
				SWIFT_EMIT_LOC_STRINGS = YES;
				SWIFT_VERSION = 5.0;
				TARGETED_DEVICE_FAMILY = "1,2";
			};
			name = Release;
		};
/* End XCBuildConfiguration section */

/* Begin XCConfigurationList section */
		C22220DB27B95822005A496A /* Build configuration list for PBXProject "stayHungry" */ = {
			isa = XCConfigurationList;
			buildConfigurations = (
				C22220F227B95823005A496A /* Debug */,
				C22220F327B95823005A496A /* Release */,
			);
			defaultConfigurationIsVisible = 0;
			defaultConfigurationName = Release;
		};
		C22220F427B95823005A496A /* Build configuration list for PBXNativeTarget "stayHungry" */ = {
			isa = XCConfigurationList;
			buildConfigurations = (
				C22220F527B95823005A496A /* Debug */,
				C22220F627B95823005A496A /* Release */,
			);
			defaultConfigurationIsVisible = 0;
			defaultConfigurationName = Release;
		};
/* End XCConfigurationList section */
	};
	rootObject = C22220D827B95822005A496A /* Project object */;
}
